
Microsoft Visual Studio Solution File, Format Version 12.00
# Visual Studio Version 16
VisualStudioVersion = 16.0.31613.86
MinimumVisualStudioVersion = 10.0.40219.1
Project("{FAE04EC0-301F-11D3-BF4B-00C04F79EFBC}") = "Desarrollo de Aplicaciones Facebook", "Desarrollo de Aplicaciones Facebook.csproj", "{89D48758-DD29-4CF2-9055-39BC34B9CB32}"
EndProject
Global
	GlobalSection(SolutionConfigurationPlatforms) = preSolution
		Debug|Any CPU = Debug|Any CPU
		Release|Any CPU = Release|Any CPU
	EndGlobalSection
	GlobalSection(ProjectConfigurationPlatforms) = postSolution
		{89D48758-DD29-4CF2-9055-39BC34B9CB32}.Debug|Any CPU.ActiveCfg = Debug|Any CPU
		{89D48758-DD29-4CF2-9055-39BC34B9CB32}.Debug|Any CPU.Build.0 = Debug|Any CPU
		{89D48758-DD29-4CF2-9055-39BC34B9CB32}.Release|Any CPU.ActiveCfg = Release|Any CPU
		{89D48758-DD29-4CF2-9055-39BC34B9CB32}.Release|Any CPU.Build.0 = Release|Any CPU
	EndGlobalSection
	GlobalSection(SolutionProperties) = preSolution
		HideSolutionNode = FALSE
	EndGlobalSection
	GlobalSection(ExtensibilityGlobals) = postSolution
		SolutionGuid = {BA1370FD-B6BB-43FA-83F7-767BF18229AB}
	EndGlobalSection
EndGlobal
